
Microsoft Visual Studio Solution File, Format Version 12.00
# Visual Studio 15
VisualStudioVersion = 15.0.27703.2042
MinimumVisualStudioVersion = 10.0.40219.1
Project("{2150E333-8FDC-42A3-9474-1A3956D46DE8}") = "Aula1", "Aula1", "{21B3FCE9-C4A3-4ACF-8055-12240DE87593}"
EndProject
Project("{2150E333-8FDC-42A3-9474-1A3956D46DE8}") = "Exercicios", "Exercicios", "{E666F170-95E5-4CE9-9CBD-772B8F21C073}"
	ProjectSection(SolutionItems) = preProject
		Exercicios.txt = Exercicios.txt
	EndProjectSection
EndProject
Project("{9A19103F-16F7-4668-BE54-9A1E7A4F7556}") = "Aula1Demo1", "Aula1Demo1\Aula1Demo1.csproj", "{1B576AF9-7EDA-4648-9CCB-36A42F97D615}"
EndProject
Project("{9A19103F-16F7-4668-BE54-9A1E7A4F7556}") = "Aula1Demo2", "Aula1Demo2\Aula1Demo2.csproj", "{908CE94A-40B9-40EC-AB25-66FBA11BBCFA}"
EndProject
Project("{9A19103F-16F7-4668-BE54-9A1E7A4F7556}") = "Aula1Demo3", "Aula1Demo3\Aula1Demo3.csproj", "{16E7349B-8CF2-4443-8282-CF832D325477}"
EndProject
Project("{9A19103F-16F7-4668-BE54-9A1E7A4F7556}") = "Aula1Demo4", "Aula1Demo4\Aula1Demo4.csproj", "{FBA6931E-7DA9-4465-B101-5B2E31E3E830}"
EndProject
Project("{9A19103F-16F7-4668-BE54-9A1E7A4F7556}") = "Exercicio 01", "..\..\..\..\..\..\temp\Exercicios\IagoExercicios\Exercicio1\Exercicio 01.csproj", "{48173527-704C-4F0A-A317-C35D86D02508}"
EndProject
Project("{9A19103F-16F7-4668-BE54-9A1E7A4F7556}") = "Exercicio 02", "..\..\..\..\..\..\temp\Exercicios\IagoExercicios\Exercicio2\Exercicio 02.csproj", "{99153C4E-690C-4436-A86D-ECE419939665}"
EndProject
Project("{9A19103F-16F7-4668-BE54-9A1E7A4F7556}") = "Exercicio 03", "..\..\..\..\..\..\temp\Exercicios\IagoExercicios\Exercicio3\Exercicio 03.csproj", "{C199846E-8045-4AFF-86E1-3D403F2EF913}"
EndProject
Project("{9A19103F-16F7-4668-BE54-9A1E7A4F7556}") = "Exercicio 04", "..\..\..\..\..\..\temp\Exercicios\IagoExercicios\Exercicio4\Exercicio 04.csproj", "{08B65E0D-D36A-4450-B440-9D9D6AA75C0F}"
EndProject
Project("{9A19103F-16F7-4668-BE54-9A1E7A4F7556}") = "Exercicio 05", "..\..\..\..\..\..\temp\Exercicios\IagoExercicios\Exercicio5\Exercicio 05.csproj", "{C7CB6D1C-9651-4090-B252-106DDD83BC91}"
EndProject
Project("{9A19103F-16F7-4668-BE54-9A1E7A4F7556}") = "Exercicio 06", "..\..\..\..\..\..\temp\Exercicios\IagoExercicios\Exercicio6\Exercicio 06.csproj", "{8C523A93-ADDC-4D48-9FA8-9526CE565513}"
EndProject
Project("{9A19103F-16F7-4668-BE54-9A1E7A4F7556}") = "Exercicio 07", "..\..\..\..\..\..\temp\Exercicios\IagoExercicios\Exercicio7\Exercicio 07.csproj", "{CB73A124-383E-44B9-8C6A-3D2B723999B1}"
EndProject
Project("{9A19103F-16F7-4668-BE54-9A1E7A4F7556}") = "Exercicio 08", "..\..\..\..\..\..\temp\Exercicios\IagoExercicios\Exercicio8\Exercicio 08.csproj", "{ECDF42DD-5E5F-42B3-B095-10B57FC3D489}"
EndProject
Project("{9A19103F-16F7-4668-BE54-9A1E7A4F7556}") = "Exercicio 09", "..\..\..\..\..\..\temp\Exercicios\IagoExercicios\Exercicio9\Exercicio 09.csproj", "{37D0F10F-6EE6-40B0-A32C-4FE4DAC53D9C}"
EndProject
Project("{2150E333-8FDC-42A3-9474-1A3956D46DE8}") = "Aula2", "Aula2", "{3A2C56A3-077C-4BCA-A7D1-FB7C8E3BE3BB}"
EndProject
Project("{2150E333-8FDC-42A3-9474-1A3956D46DE8}") = "Exercicios", "Exercicios", "{11D79033-37BA-47D6-961F-DF4A5EF73B9D}"
EndProject
Project("{FAE04EC0-301F-11D3-BF4B-00C04F79EFBC}") = "Aula2Demo1", "Aula2Demo1\Aula2Demo1.csproj", "{5C3C0860-6889-49F9-9899-902039FB9B5E}"
EndProject
Project("{FAE04EC0-301F-11D3-BF4B-00C04F79EFBC}") = "Aula2Demo2", "Aula2Demo2\Aula2Demo2.csproj", "{11683281-D68E-4AF0-9C63-6EE7E154F4EA}"
EndProject
Project("{FAE04EC0-301F-11D3-BF4B-00C04F79EFBC}") = "Aula2Demo3", "Aula2Demo3\Aula2Demo3.csproj", "{738E32EC-04AC-4EE1-AF5A-F1F072842656}"
EndProject
Global
	GlobalSection(SolutionConfigurationPlatforms) = preSolution
		Debug|Any CPU = Debug|Any CPU
		Release|Any CPU = Release|Any CPU
	EndGlobalSection
	GlobalSection(ProjectConfigurationPlatforms) = postSolution
		{1B576AF9-7EDA-4648-9CCB-36A42F97D615}.Debug|Any CPU.ActiveCfg = Debug|Any CPU
		{1B576AF9-7EDA-4648-9CCB-36A42F97D615}.Debug|Any CPU.Build.0 = Debug|Any CPU
		{1B576AF9-7EDA-4648-9CCB-36A42F97D615}.Release|Any CPU.ActiveCfg = Release|Any CPU
		{1B576AF9-7EDA-4648-9CCB-36A42F97D615}.Release|Any CPU.Build.0 = Release|Any CPU
		{908CE94A-40B9-40EC-AB25-66FBA11BBCFA}.Debug|Any CPU.ActiveCfg = Debug|Any CPU
		{908CE94A-40B9-40EC-AB25-66FBA11BBCFA}.Debug|Any CPU.Build.0 = Debug|Any CPU
		{908CE94A-40B9-40EC-AB25-66FBA11BBCFA}.Release|Any CPU.ActiveCfg = Release|Any CPU
		{908CE94A-40B9-40EC-AB25-66FBA11BBCFA}.Release|Any CPU.Build.0 = Release|Any CPU
		{16E7349B-8CF2-4443-8282-CF832D325477}.Debug|Any CPU.ActiveCfg = Debug|Any CPU
		{16E7349B-8CF2-4443-8282-CF832D325477}.Debug|Any CPU.Build.0 = Debug|Any CPU
		{16E7349B-8CF2-4443-8282-CF832D325477}.Release|Any CPU.ActiveCfg = Release|Any CPU
		{16E7349B-8CF2-4443-8282-CF832D325477}.Release|Any CPU.Build.0 = Release|Any CPU
		{FBA6931E-7DA9-4465-B101-5B2E31E3E830}.Debug|Any CPU.ActiveCfg = Debug|Any CPU
		{FBA6931E-7DA9-4465-B101-5B2E31E3E830}.Debug|Any CPU.Build.0 = Debug|Any CPU
		{FBA6931E-7DA9-4465-B101-5B2E31E3E830}.Release|Any CPU.ActiveCfg = Release|Any CPU
		{FBA6931E-7DA9-4465-B101-5B2E31E3E830}.Release|Any CPU.Build.0 = Release|Any CPU
		{48173527-704C-4F0A-A317-C35D86D02508}.Debug|Any CPU.ActiveCfg = Debug|Any CPU
		{48173527-704C-4F0A-A317-C35D86D02508}.Debug|Any CPU.Build.0 = Debug|Any CPU
		{48173527-704C-4F0A-A317-C35D86D02508}.Release|Any CPU.ActiveCfg = Release|Any CPU
		{48173527-704C-4F0A-A317-C35D86D02508}.Release|Any CPU.Build.0 = Release|Any CPU
		{99153C4E-690C-4436-A86D-ECE419939665}.Debug|Any CPU.ActiveCfg = Debug|Any CPU
		{99153C4E-690C-4436-A86D-ECE419939665}.Debug|Any CPU.Build.0 = Debug|Any CPU
		{99153C4E-690C-4436-A86D-ECE419939665}.Release|Any CPU.ActiveCfg = Release|Any CPU
		{99153C4E-690C-4436-A86D-ECE419939665}.Release|Any CPU.Build.0 = Release|Any CPU
		{C199846E-8045-4AFF-86E1-3D403F2EF913}.Debug|Any CPU.ActiveCfg = Debug|Any CPU
		{C199846E-8045-4AFF-86E1-3D403F2EF913}.Debug|Any CPU.Build.0 = Debug|Any CPU
		{C199846E-8045-4AFF-86E1-3D403F2EF913}.Release|Any CPU.ActiveCfg = Release|Any CPU
		{C199846E-8045-4AFF-86E1-3D403F2EF913}.Release|Any CPU.Build.0 = Release|Any CPU
		{08B65E0D-D36A-4450-B440-9D9D6AA75C0F}.Debug|Any CPU.ActiveCfg = Debug|Any CPU
		{08B65E0D-D36A-4450-B440-9D9D6AA75C0F}.Debug|Any CPU.Build.0 = Debug|Any CPU
		{08B65E0D-D36A-4450-B440-9D9D6AA75C0F}.Release|Any CPU.ActiveCfg = Release|Any CPU
		{08B65E0D-D36A-4450-B440-9D9D6AA75C0F}.Release|Any CPU.Build.0 = Release|Any CPU
		{C7CB6D1C-9651-4090-B252-106DDD83BC91}.Debug|Any CPU.ActiveCfg = Debug|Any CPU
		{C7CB6D1C-9651-4090-B252-106DDD83BC91}.Debug|Any CPU.Build.0 = Debug|Any CPU
		{C7CB6D1C-9651-4090-B252-106DDD83BC91}.Release|Any CPU.ActiveCfg = Release|Any CPU
		{C7CB6D1C-9651-4090-B252-106DDD83BC91}.Release|Any CPU.Build.0 = Release|Any CPU
		{8C523A93-ADDC-4D48-9FA8-9526CE565513}.Debug|Any CPU.ActiveCfg = Debug|Any CPU
		{8C523A93-ADDC-4D48-9FA8-9526CE565513}.Debug|Any CPU.Build.0 = Debug|Any CPU
		{8C523A93-ADDC-4D48-9FA8-9526CE565513}.Release|Any CPU.ActiveCfg = Release|Any CPU
		{8C523A93-ADDC-4D48-9FA8-9526CE565513}.Release|Any CPU.Build.0 = Release|Any CPU
		{CB73A124-383E-44B9-8C6A-3D2B723999B1}.Debug|Any CPU.ActiveCfg = Debug|Any CPU
		{CB73A124-383E-44B9-8C6A-3D2B723999B1}.Debug|Any CPU.Build.0 = Debug|Any CPU
		{CB73A124-383E-44B9-8C6A-3D2B723999B1}.Release|Any CPU.ActiveCfg = Release|Any CPU
		{CB73A124-383E-44B9-8C6A-3D2B723999B1}.Release|Any CPU.Build.0 = Release|Any CPU
		{ECDF42DD-5E5F-42B3-B095-10B57FC3D489}.Debug|Any CPU.ActiveCfg = Debug|Any CPU
		{ECDF42DD-5E5F-42B3-B095-10B57FC3D489}.Debug|Any CPU.Build.0 = Debug|Any CPU
		{ECDF42DD-5E5F-42B3-B095-10B57FC3D489}.Release|Any CPU.ActiveCfg = Release|Any CPU
		{ECDF42DD-5E5F-42B3-B095-10B57FC3D489}.Release|Any CPU.Build.0 = Release|Any CPU
		{37D0F10F-6EE6-40B0-A32C-4FE4DAC53D9C}.Debug|Any CPU.ActiveCfg = Debug|Any CPU
		{37D0F10F-6EE6-40B0-A32C-4FE4DAC53D9C}.Debug|Any CPU.Build.0 = Debug|Any CPU
		{37D0F10F-6EE6-40B0-A32C-4FE4DAC53D9C}.Release|Any CPU.ActiveCfg = Release|Any CPU
		{37D0F10F-6EE6-40B0-A32C-4FE4DAC53D9C}.Release|Any CPU.Build.0 = Release|Any CPU
		{5C3C0860-6889-49F9-9899-902039FB9B5E}.Debug|Any CPU.ActiveCfg = Debug|Any CPU
		{5C3C0860-6889-49F9-9899-902039FB9B5E}.Debug|Any CPU.Build.0 = Debug|Any CPU
		{5C3C0860-6889-49F9-9899-902039FB9B5E}.Release|Any CPU.ActiveCfg = Release|Any CPU
		{5C3C0860-6889-49F9-9899-902039FB9B5E}.Release|Any CPU.Build.0 = Release|Any CPU
		{11683281-D68E-4AF0-9C63-6EE7E154F4EA}.Debug|Any CPU.ActiveCfg = Debug|Any CPU
		{11683281-D68E-4AF0-9C63-6EE7E154F4EA}.Debug|Any CPU.Build.0 = Debug|Any CPU
		{11683281-D68E-4AF0-9C63-6EE7E154F4EA}.Release|Any CPU.ActiveCfg = Release|Any CPU
		{11683281-D68E-4AF0-9C63-6EE7E154F4EA}.Release|Any CPU.Build.0 = Release|Any CPU
		{738E32EC-04AC-4EE1-AF5A-F1F072842656}.Debug|Any CPU.ActiveCfg = Debug|Any CPU
		{738E32EC-04AC-4EE1-AF5A-F1F072842656}.Debug|Any CPU.Build.0 = Debug|Any CPU
		{738E32EC-04AC-4EE1-AF5A-F1F072842656}.Release|Any CPU.ActiveCfg = Release|Any CPU
		{738E32EC-04AC-4EE1-AF5A-F1F072842656}.Release|Any CPU.Build.0 = Release|Any CPU
	EndGlobalSection
	GlobalSection(SolutionProperties) = preSolution
		HideSolutionNode = FALSE
	EndGlobalSection
	GlobalSection(NestedProjects) = preSolution
		{E666F170-95E5-4CE9-9CBD-772B8F21C073} = {21B3FCE9-C4A3-4ACF-8055-12240DE87593}
		{1B576AF9-7EDA-4648-9CCB-36A42F97D615} = {21B3FCE9-C4A3-4ACF-8055-12240DE87593}
		{908CE94A-40B9-40EC-AB25-66FBA11BBCFA} = {21B3FCE9-C4A3-4ACF-8055-12240DE87593}
		{16E7349B-8CF2-4443-8282-CF832D325477} = {21B3FCE9-C4A3-4ACF-8055-12240DE87593}
		{FBA6931E-7DA9-4465-B101-5B2E31E3E830} = {21B3FCE9-C4A3-4ACF-8055-12240DE87593}
		{48173527-704C-4F0A-A317-C35D86D02508} = {E666F170-95E5-4CE9-9CBD-772B8F21C073}
		{99153C4E-690C-4436-A86D-ECE419939665} = {E666F170-95E5-4CE9-9CBD-772B8F21C073}
		{C199846E-8045-4AFF-86E1-3D403F2EF913} = {E666F170-95E5-4CE9-9CBD-772B8F21C073}
		{08B65E0D-D36A-4450-B440-9D9D6AA75C0F} = {E666F170-95E5-4CE9-9CBD-772B8F21C073}
		{C7CB6D1C-9651-4090-B252-106DDD83BC91} = {E666F170-95E5-4CE9-9CBD-772B8F21C073}
		{8C523A93-ADDC-4D48-9FA8-9526CE565513} = {E666F170-95E5-4CE9-9CBD-772B8F21C073}
		{CB73A124-383E-44B9-8C6A-3D2B723999B1} = {E666F170-95E5-4CE9-9CBD-772B8F21C073}
		{ECDF42DD-5E5F-42B3-B095-10B57FC3D489} = {E666F170-95E5-4CE9-9CBD-772B8F21C073}
		{37D0F10F-6EE6-40B0-A32C-4FE4DAC53D9C} = {E666F170-95E5-4CE9-9CBD-772B8F21C073}
		{11D79033-37BA-47D6-961F-DF4A5EF73B9D} = {3A2C56A3-077C-4BCA-A7D1-FB7C8E3BE3BB}
		{5C3C0860-6889-49F9-9899-902039FB9B5E} = {3A2C56A3-077C-4BCA-A7D1-FB7C8E3BE3BB}
		{11683281-D68E-4AF0-9C63-6EE7E154F4EA} = {3A2C56A3-077C-4BCA-A7D1-FB7C8E3BE3BB}
		{738E32EC-04AC-4EE1-AF5A-F1F072842656} = {3A2C56A3-077C-4BCA-A7D1-FB7C8E3BE3BB}
	EndGlobalSection
	GlobalSection(ExtensibilityGlobals) = postSolution
		SolutionGuid = {F00AA6E1-EFA9-4454-AA9E-66CD97032260}
	EndGlobalSection
EndGlobal
